Microsoft Visual Studio Solution File, Format Version 11.00
# Visual Studio 2008

Project("{27ED81C1-469F-E98C-3CA9-6D7A899245B0}") = "chinenkuchiku", "Assembly-CSharp.csproj", "{1BFCCF27-2DFA-6A7C-5B23-1AD80C2E1F85}"
EndProject
Project("{27ED81C1-469F-E98C-3CA9-6D7A899245B0}") = "chinenkuchiku", "Assembly-CSharp-Editor.csproj", "{D2E69200-8E56-4F31-0312-5D3E763C3FAD}"
EndProject
Global
	GlobalSection(SolutionConfigurationPlatforms) = preSolution
		Debug|Any CPU = Debug|Any CPU
		Release|Any CPU = Release|Any CPU
	EndGlobalSection
	GlobalSection(ProjectConfigurationPlatforms) = postSolution
		{1BFCCF27-2DFA-6A7C-5B23-1AD80C2E1F85}.Debug|Any CPU.ActiveCfg = Debug|Any CPU
		{1BFCCF27-2DFA-6A7C-5B23-1AD80C2E1F85}.Debug|Any CPU.Build.0 = Debug|Any CPU
		{1BFCCF27-2DFA-6A7C-5B23-1AD80C2E1F85}.Release|Any CPU.ActiveCfg = Release|Any CPU
		{1BFCCF27-2DFA-6A7C-5B23-1AD80C2E1F85}.Release|Any CPU.Build.0 = Release|Any CPU
		{D2E69200-8E56-4F31-0312-5D3E763C3FAD}.Debug|Any CPU.ActiveCfg = Debug|Any CPU
		{D2E69200-8E56-4F31-0312-5D3E763C3FAD}.Debug|Any CPU.Build.0 = Debug|Any CPU
		{D2E69200-8E56-4F31-0312-5D3E763C3FAD}.Release|Any CPU.ActiveCfg = Release|Any CPU
		{D2E69200-8E56-4F31-0312-5D3E763C3FAD}.Release|Any CPU.Build.0 = Release|Any CPU
	EndGlobalSection
	GlobalSection(SolutionProperties) = preSolution
		HideSolutionNode = FALSE
	EndGlobalSection
	GlobalSection(MonoDevelopProperties) = preSolution
		StartupItem = Assembly-CSharp.csproj
	EndGlobalSection
EndGlobal
